{
  "version": 4,
  "terraform_version": "1.9.8",
  "serial": 71,
  "lineage": "ec2260e6-df9b-ac36-8728-e12a0c0a15ab",
  "outputs": {
    "private_key": {
      "value": "ssh-rsa AAAAB3NzaC1yc2EAAAADAQABAAABAQDTWy6mb9zpoLgIvdMMQXz5raq+dbTvPATac7qU4620QLDgO5rt/560wQwc8T/HeB0vG9YmrHSbP3DAvilbsnHqj3/LN1JSwPGKD8dYtqNkq+aiCwNuuYUdzHT295QL+sPDwtJLDZL+oXVe+uqT5MbiLf05YCDv/y7S3HrhiGEI5kyJ3SbKUKtsJSAhn8i6sxUSlnba8dyfwuzOqlSTU4RKI8xCLHQiwlYt65vUVmopABfA0eVmbzHoeOHtxEy915dT00cRio6NhtfzZGMHioNLhU3Fzil/whc/WnMv8jMv8n7Snz1yyT9+RG02KUNVU0NJBRa9F0Q/mGyjyurnAPNj\n",
      "type": "string",
      "sensitive": true
    },
    "security_group_id": {
      "value": "sg-0def2a73a99398085",
      "type": "string"
    },
    "vpc_cidr_block": {
      "value": "10.0.0.0/16",
      "type": "string"
    },
    "vpc_id": {
      "value": "vpc-085adb0b8ff6d05ff",
      "type": "string"
    }
  },
  "resources": [
    {
      "mode": "managed",
      "type": "aws_key_pair",
      "name": "web_key",
      "provider": "provider[\"registry.terraform.io/hashicorp/aws\"]",
      "instances": [
        {
          "schema_version": 1,
          "attributes": {
            "arn": "arn:aws:ec2:us-east-2:737795138174:key-pair/web-key",
            "fingerprint": "a7:9e:08:8f:cc:23:a0:fa:15:1e:1a:0b:bf:87:b5:e6",
            "id": "web-key",
            "key_name": "web-key",
            "key_name_prefix": "",
            "key_pair_id": "key-0aa38cd36e385aa1b",
            "key_type": "rsa",
            "public_key": "ssh-rsa AAAAB3NzaC1yc2EAAAADAQABAAABAQDTWy6mb9zpoLgIvdMMQXz5raq+dbTvPATac7qU4620QLDgO5rt/560wQwc8T/HeB0vG9YmrHSbP3DAvilbsnHqj3/LN1JSwPGKD8dYtqNkq+aiCwNuuYUdzHT295QL+sPDwtJLDZL+oXVe+uqT5MbiLf05YCDv/y7S3HrhiGEI5kyJ3SbKUKtsJSAhn8i6sxUSlnba8dyfwuzOqlSTU4RKI8xCLHQiwlYt65vUVmopABfA0eVmbzHoeOHtxEy915dT00cRio6NhtfzZGMHioNLhU3Fzil/whc/WnMv8jMv8n7Snz1yyT9+RG02KUNVU0NJBRa9F0Q/mGyjyurnAPNj",
            "tags": {},
            "tags_all": {}
          },
          "sensitive_attributes": [],
          "private": "eyJzY2hlbWFfdmVyc2lvbiI6IjEifQ==",
          "dependencies": [
            "tls_private_key.mykey"
          ]
        }
      ]
    },
    {
      "mode": "managed",
      "type": "aws_security_group",
      "name": "allow_http_ssh",
      "provider": "provider[\"registry.terraform.io/hashicorp/aws\"]",
      "instances": [
        {
          "schema_version": 1,
          "attributes": {
            "arn": "arn:aws:ec2:us-east-2:737795138174:security-group/sg-0def2a73a99398085",
            "description": "Allow HTTP and SSH traffic from my IP address",
            "egress": [
              {
                "cidr_blocks": [
                  "0.0.0.0/0"
                ],
                "description": "",
                "from_port": 0,
                "ipv6_cidr_blocks": [],
                "prefix_list_ids": [],
                "protocol": "-1",
                "security_groups": [],
                "self": false,
                "to_port": 0
              }
            ],
            "id": "sg-0def2a73a99398085",
            "ingress": [
              {
                "cidr_blocks": [
                  "10.22.0.0/16"
                ],
                "description": "",
                "from_port": 22,
                "ipv6_cidr_blocks": [],
                "prefix_list_ids": [],
                "protocol": "tcp",
                "security_groups": [],
                "self": false,
                "to_port": 22
              },
              {
                "cidr_blocks": [
                  "10.22.0.0/16"
                ],
                "description": "",
                "from_port": 80,
                "ipv6_cidr_blocks": [],
                "prefix_list_ids": [],
                "protocol": "tcp",
                "security_groups": [],
                "self": false,
                "to_port": 80
              }
            ],
            "name": "allow_http_ssh",
            "name_prefix": "",
            "owner_id": "737795138174",
            "revoke_rules_on_delete": false,
            "tags": {},
            "tags_all": {},
            "timeouts": null,
            "vpc_id": "vpc-e20fdb89"
          },
          "sensitive_attributes": [],
          "private": "eyJlMmJmYjczMC1lY2FhLTExZTYtOGY4OC0zNDM2M2JjN2M0YzAiOnsiY3JlYXRlIjo2MDAwMDAwMDAwMDAsImRlbGV0ZSI6OTAwMDAwMDAwMDAwfSwic2NoZW1hX3ZlcnNpb24iOiIxIn0="
        }
      ]
    },
    {
      "mode": "managed",
      "type": "aws_subnet",
      "name": "public_subnet_1",
      "provider": "provider[\"registry.terraform.io/hashicorp/aws\"]",
      "instances": [
        {
          "schema_version": 1,
          "attributes": {
            "arn": "arn:aws:ec2:us-east-2:737795138174:subnet/subnet-07add6497b8e3e5c7",
            "assign_ipv6_address_on_creation": false,
            "availability_zone": "us-east-2a",
            "availability_zone_id": "use2-az1",
            "cidr_block": "10.0.1.0/24",
            "customer_owned_ipv4_pool": "",
            "enable_dns64": false,
            "enable_lni_at_device_index": 0,
            "enable_resource_name_dns_a_record_on_launch": false,
            "enable_resource_name_dns_aaaa_record_on_launch": false,
            "id": "subnet-07add6497b8e3e5c7",
            "ipv6_cidr_block": "",
            "ipv6_cidr_block_association_id": "",
            "ipv6_native": false,
            "map_customer_owned_ip_on_launch": false,
            "map_public_ip_on_launch": true,
            "outpost_arn": "",
            "owner_id": "737795138174",
            "private_dns_hostname_type_on_launch": "ip-name",
            "tags": {},
            "tags_all": {},
            "timeouts": null,
            "vpc_id": "vpc-017e7031fcae730cb"
          },
          "sensitive_attributes": [],
          "private": "eyJlMmJmYjczMC1lY2FhLTExZTYtOGY4OC0zNDM2M2JjN2M0YzAiOnsiY3JlYXRlIjo2MDAwMDAwMDAwMDAsImRlbGV0ZSI6MTIwMDAwMDAwMDAwMH0sInNjaGVtYV92ZXJzaW9uIjoiMSJ9"
        }
      ]
    },
    {
      "mode": "managed",
      "type": "aws_subnet",
      "name": "public_subnet_2",
      "provider": "provider[\"registry.terraform.io/hashicorp/aws\"]",
      "instances": [
        {
          "schema_version": 1,
          "attributes": {
            "arn": "arn:aws:ec2:us-east-2:737795138174:subnet/subnet-07df5a854f6e9d46c",
            "assign_ipv6_address_on_creation": false,
            "availability_zone": "us-east-2b",
            "availability_zone_id": "use2-az2",
            "cidr_block": "10.0.2.0/24",
            "customer_owned_ipv4_pool": "",
            "enable_dns64": false,
            "enable_lni_at_device_index": 0,
            "enable_resource_name_dns_a_record_on_launch": false,
            "enable_resource_name_dns_aaaa_record_on_launch": false,
            "id": "subnet-07df5a854f6e9d46c",
            "ipv6_cidr_block": "",
            "ipv6_cidr_block_association_id": "",
            "ipv6_native": false,
            "map_customer_owned_ip_on_launch": false,
            "map_public_ip_on_launch": true,
            "outpost_arn": "",
            "owner_id": "737795138174",
            "private_dns_hostname_type_on_launch": "ip-name",
            "tags": {},
            "tags_all": {},
            "timeouts": null,
            "vpc_id": "vpc-017e7031fcae730cb"
          },
          "sensitive_attributes": [],
          "private": "eyJlMmJmYjczMC1lY2FhLTExZTYtOGY4OC0zNDM2M2JjN2M0YzAiOnsiY3JlYXRlIjo2MDAwMDAwMDAwMDAsImRlbGV0ZSI6MTIwMDAwMDAwMDAwMH0sInNjaGVtYV92ZXJzaW9uIjoiMSJ9"
        }
      ]
    },
    {
      "mode": "managed",
      "type": "aws_vpc",
      "name": "main",
      "provider": "provider[\"registry.terraform.io/hashicorp/aws\"]",
      "instances": [
        {
          "schema_version": 1,
          "attributes": {
            "arn": "arn:aws:ec2:us-east-2:737795138174:vpc/vpc-085adb0b8ff6d05ff",
            "assign_generated_ipv6_cidr_block": false,
            "cidr_block": "10.0.0.0/16",
            "default_network_acl_id": "acl-0610d0a2debf27a15",
            "default_route_table_id": "rtb-0cbb75872d47884f0",
            "default_security_group_id": "sg-01999b698168ca533",
            "dhcp_options_id": "dopt-21f45d4a",
            "enable_dns_hostnames": true,
            "enable_dns_support": true,
            "enable_network_address_usage_metrics": false,
            "id": "vpc-085adb0b8ff6d05ff",
            "instance_tenancy": "default",
            "ipv4_ipam_pool_id": null,
            "ipv4_netmask_length": null,
            "ipv6_association_id": "",
            "ipv6_cidr_block": "",
            "ipv6_cidr_block_network_border_group": "",
            "ipv6_ipam_pool_id": "",
            "ipv6_netmask_length": 0,
            "main_route_table_id": "rtb-0cbb75872d47884f0",
            "owner_id": "737795138174",
            "tags": {},
            "tags_all": {}
          },
          "sensitive_attributes": [],
          "private": "eyJzY2hlbWFfdmVyc2lvbiI6IjEifQ=="
        }
      ]
    },
    {
      "mode": "managed",
      "type": "tls_private_key",
      "name": "mykey",
      "provider": "provider[\"registry.terraform.io/hashicorp/tls\"]",
      "instances": [
        {
          "schema_version": 1,
          "attributes": {
            "algorithm": "RSA",
            "ecdsa_curve": "P224",
            "id": "0d56456b096b8f5395168f5f91ec6e8c152b9f3e",
            "private_key_openssh": "-----BEGIN OPENSSH PRIVATE KEY-----\nb3BlbnNzaC1rZXktdjEAAAAABG5vbmUAAAAEbm9uZQAAAAAAAAABAAABFwAAAAdz\nc2gtcnNhAAAAAwEAAQAAAQEA01supm/c6aC4CL3TDEF8+a2qvnW07zwE2nO6lOOt\ntECw4Dua7f+etMEMHPE/x3gdLxvWJqx0mz9wwL4pW7Jx6o9/yzdSUsDxig/HWLaj\nZKvmogsDbrmFHcx09veUC/rDw8LSSw2S/qF1Xvrqk+TG4i39OWAg7/8u0tx64Yhh\nCOZMid0mylCrbCUgIZ/IurMVEpZ22vHcn8LszqpUk1OESiPMQix0IsJWLeub1FZq\nKQAXwNHlZm8x6Hjh7cRMvdeXU9NHEYqOjYbX82RjB4qDS4VNxc4pf8IXP1pzL/Iz\nL/J+0p89csk/fkRtNilDVVNDSQUWvRdEP5hso8rq5wDzYwAAA7hmFbqiZhW6ogAA\nAAdzc2gtcnNhAAABAQDTWy6mb9zpoLgIvdMMQXz5raq+dbTvPATac7qU4620QLDg\nO5rt/560wQwc8T/HeB0vG9YmrHSbP3DAvilbsnHqj3/LN1JSwPGKD8dYtqNkq+ai\nCwNuuYUdzHT295QL+sPDwtJLDZL+oXVe+uqT5MbiLf05YCDv/y7S3HrhiGEI5kyJ\n3SbKUKtsJSAhn8i6sxUSlnba8dyfwuzOqlSTU4RKI8xCLHQiwlYt65vUVmopABfA\n0eVmbzHoeOHtxEy915dT00cRio6NhtfzZGMHioNLhU3Fzil/whc/WnMv8jMv8n7S\nnz1yyT9+RG02KUNVU0NJBRa9F0Q/mGyjyurnAPNjAAAAAwEAAQAAAQB+YypUUNRT\nyM4EPC82RvsK+zT9S7n0zXlBgK70VeoLvhuHG12cMJ2hDUfHDuTKzSL2hrjay4m3\nRIqSV6S3ts+0KjeLN/u8jLBjlOfqPt0aWElEYT2eOsZFeXwAKzCWsU/bgmbqhqV+\nKuLa90TLR6U+n62rX7aSjZBce4fn0fvkq2yk+s4Kw1osb4jCMV87E3cLt/fHcQ4y\nINX2UWvbjHZRV3dEAO65nmucADRO8XUFku06jQxkVVM+Fm+SD9ODgf/F9HJ8v+yx\npaxXaC1bydoZlUTNhnyF++N/EEcQjJMuk+p1SrBifZppG7I3ww5O4haAVruYEOgb\n5p56FQ7c1gIxAAAAgAly7uqJadTg1pE45jqgai6A2BlmbiQ2+HZQO2TOqx8S+qfj\nXODBaXLQx4uTFWHkPvfFqmG4SbG4KU4cD0Ko0GbZulVUESkMYOehd+xNQFfcyGEt\nd5p6qCHEPqTEyWduVw+P4f3BFYJ7jnsI0XGs0FFQgGfOc5cjDnLYUXPwdMt2AAAA\ngQDrqz4/iuIjbEReKqNXJmW+undpBwpcjoUrKE7Cm83yMmH9mf3NT2j6uAVaQqIT\nBQnHWx+Cp/BRVRT9xA29Eh8ZFYvUX/z4ixpDQF/V48qjFowrhJ2WFm1DSDjCpYio\nSyOHFCI60fy8ROVNRtzDWfaJkiM1j1TW+PonViFKnrt3vwAAAIEA5Zb9yNYYoCub\nYIf2cA+WeM0A1scOb1z06Gr7ujm7GNeIedu/KsLNRWRKJU2TBqf0JzVHG0JHlz+L\nQcsaggJ1ntBC0f3fnzkIFp6Hd1x7IX6Eh7V0tQlbPv8/BMnh2xbuFKyYb1Sh8T/J\nG9y2c/nYGRvnCmEPi7lcB+vnT46eTV0AAAAAAQID\n-----END OPENSSH PRIVATE KEY-----\n",
            "private_key_pem": "-----BEGIN RSA PRIVATE KEY-----\nMIIEogIBAAKCAQEA01supm/c6aC4CL3TDEF8+a2qvnW07zwE2nO6lOOttECw4Dua\n7f+etMEMHPE/x3gdLxvWJqx0mz9wwL4pW7Jx6o9/yzdSUsDxig/HWLajZKvmogsD\nbrmFHcx09veUC/rDw8LSSw2S/qF1Xvrqk+TG4i39OWAg7/8u0tx64YhhCOZMid0m\nylCrbCUgIZ/IurMVEpZ22vHcn8LszqpUk1OESiPMQix0IsJWLeub1FZqKQAXwNHl\nZm8x6Hjh7cRMvdeXU9NHEYqOjYbX82RjB4qDS4VNxc4pf8IXP1pzL/IzL/J+0p89\ncsk/fkRtNilDVVNDSQUWvRdEP5hso8rq5wDzYwIDAQABAoIBAH5jKlRQ1FPIzgQ8\nLzZG+wr7NP1LufTNeUGArvRV6gu+G4cbXZwwnaENR8cO5MrNIvaGuNrLibdEipJX\npLe2z7QqN4s3+7yMsGOU5+o+3RpYSURhPZ46xkV5fAArMJaxT9uCZuqGpX4q4tr3\nRMtHpT6fratftpKNkFx7h+fR++SrbKT6zgrDWixviMIxXzsTdwu398dxDjIg1fZR\na9uMdlFXd0QA7rmea5wANE7xdQWS7TqNDGRVUz4Wb5IP04OB/8X0cny/7LGlrFdo\nLVvJ2hmVRM2GfIX7438QRxCMky6T6nVKsGJ9mmkbsjfDDk7iFoBWu5gQ6BvmnnoV\nDtzWAjECgYEA66s+P4riI2xEXiqjVyZlvrp3aQcKXI6FKyhOwpvN8jJh/Zn9zU9o\n+rgFWkKiEwUJx1sfgqfwUVUU/cQNvRIfGRWL1F/8+IsaQ0Bf1ePKoxaMK4SdlhZt\nQ0g4wqWIqEsjhxQiOtH8vETlTUbcw1n2iZIjNY9U1vj6J1YhSp67d78CgYEA5Zb9\nyNYYoCubYIf2cA+WeM0A1scOb1z06Gr7ujm7GNeIedu/KsLNRWRKJU2TBqf0JzVH\nG0JHlz+LQcsaggJ1ntBC0f3fnzkIFp6Hd1x7IX6Eh7V0tQlbPv8/BMnh2xbuFKyY\nb1Sh8T/JG9y2c/nYGRvnCmEPi7lcB+vnT46eTV0CgYBOsMhBOWOXBmCxvLT7taOF\nkweqNyKbky8eIQBjdNjIhVA4+MFJW7mm9ek7oUIy7Zy9R0z3OJJC5hDzRxJ7TmC5\n5HrjOAXlC7WCPS2C4uPXnwDAyzA/XE+xhp0FSXafEy/Su8NONq2YQ7z5F69BP3nV\np8k/6hMfENWeauEE5ImeSwKBgCE4jvJfoGKUzL/UDKG8b659I3DwjrMohTuYN2KD\n9gGrNlFDrc63L1KqJ1xsdCjTZq3BtM9J8Of+xty3UdecGX7obbLLBG+apgP33mw0\nEpEPKIgmhoOnne9oqaq8t5SnJb4SF2CMo34wF56Tekcf0NgZRH4o+0HhiWKQDQFj\nBp71AoGACXLu6olp1ODWkTjmOqBqLoDYGWZuJDb4dlA7ZM6rHxL6p+Nc4MFpctDH\ni5MVYeQ+98WqYbhJsbgpThwPQqjQZtm6VVQRKQxg56F37E1AV9zIYS13mnqoIcQ+\npMTJZ25XD4/h/cEVgnuOewjRcazQUVCAZ85zlyMOcthRc/B0y3Y=\n-----END RSA PRIVATE KEY-----\n",
            "private_key_pem_pkcs8": "-----BEGIN PRIVATE KEY-----\nMIIEvAIBADANBgkqhkiG9w0BAQEFAASCBKYwggSiAgEAAoIBAQDTWy6mb9zpoLgI\nvdMMQXz5raq+dbTvPATac7qU4620QLDgO5rt/560wQwc8T/HeB0vG9YmrHSbP3DA\nvilbsnHqj3/LN1JSwPGKD8dYtqNkq+aiCwNuuYUdzHT295QL+sPDwtJLDZL+oXVe\n+uqT5MbiLf05YCDv/y7S3HrhiGEI5kyJ3SbKUKtsJSAhn8i6sxUSlnba8dyfwuzO\nqlSTU4RKI8xCLHQiwlYt65vUVmopABfA0eVmbzHoeOHtxEy915dT00cRio6Nhtfz\nZGMHioNLhU3Fzil/whc/WnMv8jMv8n7Snz1yyT9+RG02KUNVU0NJBRa9F0Q/mGyj\nyurnAPNjAgMBAAECggEAfmMqVFDUU8jOBDwvNkb7Cvs0/Uu59M15QYCu9FXqC74b\nhxtdnDCdoQ1Hxw7kys0i9oa42suJt0SKklekt7bPtCo3izf7vIywY5Tn6j7dGlhJ\nRGE9njrGRXl8ACswlrFP24Jm6oalfiri2vdEy0elPp+tq1+2ko2QXHuH59H75Kts\npPrOCsNaLG+IwjFfOxN3C7f3x3EOMiDV9lFr24x2UVd3RADuuZ5rnAA0TvF1BZLt\nOo0MZFVTPhZvkg/Tg4H/xfRyfL/ssaWsV2gtW8naGZVEzYZ8hfvjfxBHEIyTLpPq\ndUqwYn2aaRuyN8MOTuIWgFa7mBDoG+aeehUO3NYCMQKBgQDrqz4/iuIjbEReKqNX\nJmW+undpBwpcjoUrKE7Cm83yMmH9mf3NT2j6uAVaQqITBQnHWx+Cp/BRVRT9xA29\nEh8ZFYvUX/z4ixpDQF/V48qjFowrhJ2WFm1DSDjCpYioSyOHFCI60fy8ROVNRtzD\nWfaJkiM1j1TW+PonViFKnrt3vwKBgQDllv3I1higK5tgh/ZwD5Z4zQDWxw5vXPTo\navu6ObsY14h5278qws1FZEolTZMGp/QnNUcbQkeXP4tByxqCAnWe0ELR/d+fOQgW\nnod3XHshfoSHtXS1CVs+/z8EyeHbFu4UrJhvVKHxP8kb3LZz+dgZG+cKYQ+LuVwH\n6+dPjp5NXQKBgE6wyEE5Y5cGYLG8tPu1o4WTB6o3IpuTLx4hAGN02MiFUDj4wUlb\nuab16TuhQjLtnL1HTPc4kkLmEPNHEntOYLnkeuM4BeULtYI9LYLi49efAMDLMD9c\nT7GGnQVJdp8TL9K7w042rZhDvPkXr0E/edWnyT/qEx8Q1Z5q4QTkiZ5LAoGAITiO\n8l+gYpTMv9QMobxvrn0jcPCOsyiFO5g3YoP2Aas2UUOtzrcvUqonXGx0KNNmrcG0\nz0nw5/7G3LdR15wZfuhtsssEb5qmA/febDQSkQ8oiCaGg6ed72ipqry3lKclvhIX\nYIyjfjAXnpN6Rx/Q2BlEfij7QeGJYpANAWMGnvUCgYAJcu7qiWnU4NaROOY6oGou\ngNgZZm4kNvh2UDtkzqsfEvqn41zgwWly0MeLkxVh5D73xaphuEmxuClOHA9CqNBm\n2bpVVBEpDGDnoXfsTUBX3MhhLXeaeqghxD6kxMlnblcPj+H9wRWCe457CNFxrNBR\nUIBnznOXIw5y2FFz8HTLdg==\n-----END PRIVATE KEY-----\n",
            "public_key_fingerprint_md5": "20:94:ab:0d:a1:b5:7e:de:21:21:5e:d1:31:99:eb:4c",
            "public_key_fingerprint_sha256": "SHA256:6Aq6sk0qmdsKTqn5JTLCbqB5zP5mKGvr6YftxIT+Ju4",
            "public_key_openssh": "ssh-rsa AAAAB3NzaC1yc2EAAAADAQABAAABAQDTWy6mb9zpoLgIvdMMQXz5raq+dbTvPATac7qU4620QLDgO5rt/560wQwc8T/HeB0vG9YmrHSbP3DAvilbsnHqj3/LN1JSwPGKD8dYtqNkq+aiCwNuuYUdzHT295QL+sPDwtJLDZL+oXVe+uqT5MbiLf05YCDv/y7S3HrhiGEI5kyJ3SbKUKtsJSAhn8i6sxUSlnba8dyfwuzOqlSTU4RKI8xCLHQiwlYt65vUVmopABfA0eVmbzHoeOHtxEy915dT00cRio6NhtfzZGMHioNLhU3Fzil/whc/WnMv8jMv8n7Snz1yyT9+RG02KUNVU0NJBRa9F0Q/mGyjyurnAPNj\n",
            "public_key_pem": "-----BEGIN PUBLIC KEY-----\nMIIBIjANBgkqhkiG9w0BAQEFAAOCAQ8AMIIBCgKCAQEA01supm/c6aC4CL3TDEF8\n+a2qvnW07zwE2nO6lOOttECw4Dua7f+etMEMHPE/x3gdLxvWJqx0mz9wwL4pW7Jx\n6o9/yzdSUsDxig/HWLajZKvmogsDbrmFHcx09veUC/rDw8LSSw2S/qF1Xvrqk+TG\n4i39OWAg7/8u0tx64YhhCOZMid0mylCrbCUgIZ/IurMVEpZ22vHcn8LszqpUk1OE\nSiPMQix0IsJWLeub1FZqKQAXwNHlZm8x6Hjh7cRMvdeXU9NHEYqOjYbX82RjB4qD\nS4VNxc4pf8IXP1pzL/IzL/J+0p89csk/fkRtNilDVVNDSQUWvRdEP5hso8rq5wDz\nYwIDAQAB\n-----END PUBLIC KEY-----\n",
            "rsa_bits": 2048
          },
          "sensitive_attributes": [
            [
              {
                "type": "get_attr",
                "value": "private_key_openssh"
              }
            ],
            [
              {
                "type": "get_attr",
                "value": "private_key_pem"
              }
            ],
            [
              {
                "type": "get_attr",
                "value": "private_key_pem_pkcs8"
              }
            ]
          ]
        }
      ]
    }
  ],
  "check_results": null
}
